
Microsoft Visual Studio Solution File, Format Version 12.00
Project("{FAE04EC0-301F-11D3-BF4B-00C04F79EFBC}") = "RubilsoAPI", "RubilsoAPI\RubilsoAPI.csproj", "{2DEA2424-7C51-4638-850A-3BC1F6E231FE}"
EndProject
Global
	GlobalSection(SolutionConfigurationPlatforms) = preSolution
		Debug|Any CPU = Debug|Any CPU
		Release|Any CPU = Release|Any CPU
	EndGlobalSection
	GlobalSection(ProjectConfigurationPlatforms) = postSolution
		{2DEA2424-7C51-4638-850A-3BC1F6E231FE}.Debug|Any CPU.ActiveCfg = Debug|Any CPU
		{2DEA2424-7C51-4638-850A-3BC1F6E231FE}.Debug|Any CPU.Build.0 = Debug|Any CPU
		{2DEA2424-7C51-4638-850A-3BC1F6E231FE}.Release|Any CPU.ActiveCfg = Release|Any CPU
		{2DEA2424-7C51-4638-850A-3BC1F6E231FE}.Release|Any CPU.Build.0 = Release|Any CPU
	EndGlobalSection
EndGlobal
